
Microsoft Visual Studio Solution File, Format Version 12.00
# Visual Studio Version 17
VisualStudioVersion = 17.4.33103.184
MinimumVisualStudioVersion = 10.0.40219.1
Project("{8BC9CEB8-8B4A-11D0-8D11-00A0C91BC942}") = "SlaveServer", "SlaveServer\SlaveServer.vcxproj", "{C479E9AE-12A7-403E-9FD0-CAF6A70B4005}"
EndProject
Project("{8BC9CEB8-8B4A-11D0-8D11-00A0C91BC942}") = "Master", "Master\Master.vcxproj", "{64577A85-440F-4C7C-8305-4F6D39268410}"
EndProject
Project("{2150E333-8FDC-42A3-9474-1A3956D46DE8}") = "com", "com", "{5CB0738C-4A92-4299-BD95-9FD9D8C30FCD}"
	ProjectSection(SolutionItems) = preProject
		com\common.h = com\common.h
		com\packet.h = com\packet.h
		com\psi.h = com\psi.h
	EndProjectSection
EndProject
Global
	GlobalSection(SolutionConfigurationPlatforms) = preSolution
		Debug|x64 = Debug|x64
		Debug|x86 = Debug|x86
		Release|x64 = Release|x64
		Release|x86 = Release|x86
	EndGlobalSection
	GlobalSection(ProjectConfigurationPlatforms) = postSolution
		{C479E9AE-12A7-403E-9FD0-CAF6A70B4005}.Debug|x64.ActiveCfg = Debug|x64
		{C479E9AE-12A7-403E-9FD0-CAF6A70B4005}.Debug|x64.Build.0 = Debug|x64
		{C479E9AE-12A7-403E-9FD0-CAF6A70B4005}.Debug|x86.ActiveCfg = Debug|Win32
		{C479E9AE-12A7-403E-9FD0-CAF6A70B4005}.Debug|x86.Build.0 = Debug|Win32
		{C479E9AE-12A7-403E-9FD0-CAF6A70B4005}.Release|x64.ActiveCfg = Release|x64
		{C479E9AE-12A7-403E-9FD0-CAF6A70B4005}.Release|x64.Build.0 = Release|x64
		{C479E9AE-12A7-403E-9FD0-CAF6A70B4005}.Release|x86.ActiveCfg = Release|Win32
		{C479E9AE-12A7-403E-9FD0-CAF6A70B4005}.Release|x86.Build.0 = Release|Win32
		{64577A85-440F-4C7C-8305-4F6D39268410}.Debug|x64.ActiveCfg = Debug|x64
		{64577A85-440F-4C7C-8305-4F6D39268410}.Debug|x64.Build.0 = Debug|x64
		{64577A85-440F-4C7C-8305-4F6D39268410}.Debug|x86.ActiveCfg = Debug|Win32
		{64577A85-440F-4C7C-8305-4F6D39268410}.Debug|x86.Build.0 = Debug|Win32
		{64577A85-440F-4C7C-8305-4F6D39268410}.Release|x64.ActiveCfg = Release|x64
		{64577A85-440F-4C7C-8305-4F6D39268410}.Release|x64.Build.0 = Release|x64
		{64577A85-440F-4C7C-8305-4F6D39268410}.Release|x86.ActiveCfg = Release|Win32
		{64577A85-440F-4C7C-8305-4F6D39268410}.Release|x86.Build.0 = Release|Win32
	EndGlobalSection
	GlobalSection(SolutionProperties) = preSolution
		HideSolutionNode = FALSE
	EndGlobalSection
	GlobalSection(ExtensibilityGlobals) = postSolution
		SolutionGuid = {89E979DC-CAE0-433C-9660-EF7B6C6BFD88}
	EndGlobalSection
EndGlobal
